
Microsoft Visual Studio Solution File, Format Version 12.00
# Visual Studio Version 16
VisualStudioVersion = 16.0.28315.86
MinimumVisualStudioVersion = 10.0.40219.1
Project("{2150E333-8FDC-42A3-9474-1A3956D46DE8}") = "Engine", "Engine", "{1D356DF3-129A-44AE-A120-360D5DBCEE8E}"
EndProject
Project("{2150E333-8FDC-42A3-9474-1A3956D46DE8}") = "Games", "Games", "{0618386D-F6A6-469A-96BC-5F76048A4C03}"
EndProject
Project("{8BC9CEB8-8B4A-11D0-8D11-00A0C91BC942}") = "UE4", "Intermediate\ProjectFiles\UE4.vcxproj", "{06A4D017-45D4-4E89-9FD4-D94B23E11877}"
EndProject
Project("{8BC9CEB8-8B4A-11D0-8D11-00A0C91BC942}") = "FlyBattleGame", "Intermediate\ProjectFiles\FlyBattleGame.vcxproj", "{5A7A065B-CE2F-4ECD-BB11-D3FEE1BDDFA9}"
EndProject
Project("{2150E333-8FDC-42A3-9474-1A3956D46DE8}") = "Visualizers", "Visualizers", "{D245555B-81FF-490D-B7C6-0EF6D9946A94}"
	ProjectSection(SolutionItems) = preProject
		D:\UE_4.24\Engine\Extras\VisualStudioDebugging\UE4.natvis = D:\UE_4.24\Engine\Extras\VisualStudioDebugging\UE4.natvis
	EndProjectSection
EndProject
Global
	GlobalSection(SolutionConfigurationPlatforms) = preSolution
		DebugGame Editor|IOS = DebugGame Editor|IOS
		DebugGame Editor|Win32 = DebugGame Editor|Win32
		DebugGame Editor|Win64 = DebugGame Editor|Win64
		DebugGame|IOS = DebugGame|IOS
		DebugGame|Win32 = DebugGame|Win32
		DebugGame|Win64 = DebugGame|Win64
		Development Editor|IOS = Development Editor|IOS
		Development Editor|Win32 = Development Editor|Win32
		Development Editor|Win64 = Development Editor|Win64
		Development|IOS = Development|IOS
		Development|Win32 = Development|Win32
		Development|Win64 = Development|Win64
		Shipping|IOS = Shipping|IOS
		Shipping|Win32 = Shipping|Win32
		Shipping|Win64 = Shipping|Win64
	EndGlobalSection
	GlobalSection(ProjectConfigurationPlatforms) = postSolution
		{06A4D017-45D4-4E89-9FD4-D94B23E11877}.DebugGame Editor|IOS.ActiveCfg = BuiltWithUnrealBuildTool|Win32
		{06A4D017-45D4-4E89-9FD4-D94B23E11877}.DebugGame Editor|Win32.ActiveCfg = BuiltWithUnrealBuildTool|Win32
		{06A4D017-45D4-4E89-9FD4-D94B23E11877}.DebugGame Editor|Win64.ActiveCfg = BuiltWithUnrealBuildTool|Win32
		{06A4D017-45D4-4E89-9FD4-D94B23E11877}.DebugGame|IOS.ActiveCfg = BuiltWithUnrealBuildTool|Win32
		{06A4D017-45D4-4E89-9FD4-D94B23E11877}.DebugGame|Win32.ActiveCfg = BuiltWithUnrealBuildTool|Win32
		{06A4D017-45D4-4E89-9FD4-D94B23E11877}.DebugGame|Win64.ActiveCfg = BuiltWithUnrealBuildTool|Win32
		{06A4D017-45D4-4E89-9FD4-D94B23E11877}.Development Editor|IOS.ActiveCfg = BuiltWithUnrealBuildTool|Win32
		{06A4D017-45D4-4E89-9FD4-D94B23E11877}.Development Editor|Win32.ActiveCfg = BuiltWithUnrealBuildTool|Win32
		{06A4D017-45D4-4E89-9FD4-D94B23E11877}.Development Editor|Win64.ActiveCfg = BuiltWithUnrealBuildTool|Win32
		{06A4D017-45D4-4E89-9FD4-D94B23E11877}.Development|IOS.ActiveCfg = BuiltWithUnrealBuildTool|Win32
		{06A4D017-45D4-4E89-9FD4-D94B23E11877}.Development|Win32.ActiveCfg = BuiltWithUnrealBuildTool|Win32
		{06A4D017-45D4-4E89-9FD4-D94B23E11877}.Development|Win64.ActiveCfg = BuiltWithUnrealBuildTool|Win32
		{06A4D017-45D4-4E89-9FD4-D94B23E11877}.Shipping|IOS.ActiveCfg = BuiltWithUnrealBuildTool|Win32
		{06A4D017-45D4-4E89-9FD4-D94B23E11877}.Shipping|Win32.ActiveCfg = BuiltWithUnrealBuildTool|Win32
		{06A4D017-45D4-4E89-9FD4-D94B23E11877}.Shipping|Win64.ActiveCfg = BuiltWithUnrealBuildTool|Win32
		{5A7A065B-CE2F-4ECD-BB11-D3FEE1BDDFA9}.DebugGame Editor|IOS.ActiveCfg = Invalid|Win32
		{5A7A065B-CE2F-4ECD-BB11-D3FEE1BDDFA9}.DebugGame Editor|Win32.ActiveCfg = Invalid|Win32
		{5A7A065B-CE2F-4ECD-BB11-D3FEE1BDDFA9}.DebugGame Editor|Win64.ActiveCfg = DebugGame_Editor|x64
		{5A7A065B-CE2F-4ECD-BB11-D3FEE1BDDFA9}.DebugGame Editor|Win64.Build.0 = DebugGame_Editor|x64
		{5A7A065B-CE2F-4ECD-BB11-D3FEE1BDDFA9}.DebugGame|IOS.ActiveCfg = IOS_DebugGame|Win32
		{5A7A065B-CE2F-4ECD-BB11-D3FEE1BDDFA9}.DebugGame|IOS.Build.0 = IOS_DebugGame|Win32
		{5A7A065B-CE2F-4ECD-BB11-D3FEE1BDDFA9}.DebugGame|Win32.ActiveCfg = DebugGame|Win32
		{5A7A065B-CE2F-4ECD-BB11-D3FEE1BDDFA9}.DebugGame|Win32.Build.0 = DebugGame|Win32
		{5A7A065B-CE2F-4ECD-BB11-D3FEE1BDDFA9}.DebugGame|Win64.ActiveCfg = DebugGame|x64
		{5A7A065B-CE2F-4ECD-BB11-D3FEE1BDDFA9}.DebugGame|Win64.Build.0 = DebugGame|x64
		{5A7A065B-CE2F-4ECD-BB11-D3FEE1BDDFA9}.Development Editor|IOS.ActiveCfg = Invalid|Win32
		{5A7A065B-CE2F-4ECD-BB11-D3FEE1BDDFA9}.Development Editor|Win32.ActiveCfg = Invalid|Win32
		{5A7A065B-CE2F-4ECD-BB11-D3FEE1BDDFA9}.Development Editor|Win64.ActiveCfg = Development_Editor|x64
		{5A7A065B-CE2F-4ECD-BB11-D3FEE1BDDFA9}.Development Editor|Win64.Build.0 = Development_Editor|x64
		{5A7A065B-CE2F-4ECD-BB11-D3FEE1BDDFA9}.Development|IOS.ActiveCfg = IOS_Development|Win32
		{5A7A065B-CE2F-4ECD-BB11-D3FEE1BDDFA9}.Development|IOS.Build.0 = IOS_Development|Win32
		{5A7A065B-CE2F-4ECD-BB11-D3FEE1BDDFA9}.Development|Win32.ActiveCfg = Development|Win32
		{5A7A065B-CE2F-4ECD-BB11-D3FEE1BDDFA9}.Development|Win32.Build.0 = Development|Win32
		{5A7A065B-CE2F-4ECD-BB11-D3FEE1BDDFA9}.Development|Win64.ActiveCfg = Development|x64
		{5A7A065B-CE2F-4ECD-BB11-D3FEE1BDDFA9}.Development|Win64.Build.0 = Development|x64
		{5A7A065B-CE2F-4ECD-BB11-D3FEE1BDDFA9}.Shipping|IOS.ActiveCfg = IOS_Shipping|Win32
		{5A7A065B-CE2F-4ECD-BB11-D3FEE1BDDFA9}.Shipping|IOS.Build.0 = IOS_Shipping|Win32
		{5A7A065B-CE2F-4ECD-BB11-D3FEE1BDDFA9}.Shipping|Win32.ActiveCfg = Shipping|Win32
		{5A7A065B-CE2F-4ECD-BB11-D3FEE1BDDFA9}.Shipping|Win32.Build.0 = Shipping|Win32
		{5A7A065B-CE2F-4ECD-BB11-D3FEE1BDDFA9}.Shipping|Win64.ActiveCfg = Shipping|x64
		{5A7A065B-CE2F-4ECD-BB11-D3FEE1BDDFA9}.Shipping|Win64.Build.0 = Shipping|x64
	EndGlobalSection
	GlobalSection(SolutionProperties) = preSolution
		HideSolutionNode = FALSE
	EndGlobalSection
	GlobalSection(NestedProjects) = preSolution
		{06A4D017-45D4-4E89-9FD4-D94B23E11877} = {1D356DF3-129A-44AE-A120-360D5DBCEE8E}
		{5A7A065B-CE2F-4ECD-BB11-D3FEE1BDDFA9} = {0618386D-F6A6-469A-96BC-5F76048A4C03}
	EndGlobalSection
EndGlobal
